{
    "version": 3,
    "terraform_version": "0.11.13",
    "serial": 2,
    "lineage": "ebbb7a2c-a3e0-482c-e6e5-eea0ceb6ac41",
    "modules": [
        {
            "path": [
                "root"
            ],
            "outputs": {},
            "resources": {
                "aws_subnet.subnet": {
                    "type": "aws_subnet",
                    "depends_on": [
                        "aws_vpc.main"
                    ],
                    "primary": {
                        "id": "subnet-07bc5dcd2890a18cb",
                        "attributes": {
                            "arn": "arn:aws:ec2:ap-northeast-1:344337310179:subnet/subnet-07bc5dcd2890a18cb",
                            "assign_ipv6_address_on_creation": "false",
                            "availability_zone": "ap-northeast-1d",
                            "availability_zone_id": "apne1-az2",
                            "cidr_block": "10.0.1.0/24",
                            "id": "subnet-07bc5dcd2890a18cb",
                            "ipv6_cidr_block": "",
                            "ipv6_cidr_block_association_id": "",
                            "map_public_ip_on_launch": "false",
                            "outpost_arn": "",
                            "owner_id": "344337310179",
                            "tags.%": "0",
                            "vpc_id": "vpc-02cae30adf7dd2c0f"
                        },
                        "meta": {
                            "e2bfb730-ecaa-11e6-8f88-34363bc7c4c0": {
                                "create": 600000000000,
                                "delete": 1200000000000
                            },
                            "schema_version": "1"
                        },
                        "tainted": false
                    },
                    "deposed": [],
                    "provider": "provider.aws"
                },
                "aws_vpc.main": {
                    "type": "aws_vpc",
                    "depends_on": [],
                    "primary": {
                        "id": "vpc-02cae30adf7dd2c0f",
                        "attributes": {
                            "arn": "arn:aws:ec2:ap-northeast-1:344337310179:vpc/vpc-02cae30adf7dd2c0f",
                            "assign_generated_ipv6_cidr_block": "false",
                            "cidr_block": "10.0.0.0/16",
                            "default_network_acl_id": "acl-06f9187476f1f6d68",
                            "default_route_table_id": "rtb-0d51119036d0bbc6d",
                            "default_security_group_id": "sg-0735f1d9f82a1dbb5",
                            "dhcp_options_id": "dopt-568f6c30",
                            "enable_classiclink": "false",
                            "enable_classiclink_dns_support": "false",
                            "enable_dns_hostnames": "false",
                            "enable_dns_support": "true",
                            "id": "vpc-02cae30adf7dd2c0f",
                            "instance_tenancy": "default",
                            "ipv6_association_id": "",
                            "ipv6_cidr_block": "",
                            "main_route_table_id": "rtb-0d51119036d0bbc6d",
                            "owner_id": "344337310179",
                            "tags.%": "1",
                            "tags.Name": "vpc-test"
                        },
                        "meta": {
                            "schema_version": "1"
                        },
                        "tainted": false
                    },
                    "deposed": [],
                    "provider": "provider.aws"
                }
            },
            "depends_on": []
        }
    ]
}
